// !$*UTF8*$!
{
	archiveVersion = 1;
	classes = {
	};
	objectVersion = 46;
	objects = {

/* Begin PBXAggregateTarget section */
		65F2326F169D7B9100C8FD87 /* Documentation */ = {
			isa = PBXAggregateTarget;
			buildConfigurationList = 65F23270169D7B9100C8FD87 /* Build configuration list for PBXAggregateTarget "Documentation" */;
			buildPhases = (
				65F23275169D7BAE00C8FD87 /* Appledoc */,
			);
			dependencies = (
			);
			name = Documentation;
			productName = Documentation;
		};
/* End PBXAggregateTarget section */

/* Begin PBXBuildFile section */
		650978BF1625D129004A6A04 /* NSString+DWToolbox.h in Headers */ = {isa = PBXBuildFile; fileRef = 650978BD1625D129004A6A04 /* NSString+DWToolbox.h */; };
		650978C01625D129004A6A04 /* NSString+DWToolbox.m in Sources */ = {isa = PBXBuildFile; fileRef = 650978BE1625D129004A6A04 /* NSString+DWToolbox.m */; };
		650978C81625D397004A6A04 /* DWActivityManager.h in Headers */ = {isa = PBXBuildFile; fileRef = 650978C61625D397004A6A04 /* DWActivityManager.h */; };
		650978C91625D397004A6A04 /* DWActivityManager.m in Sources */ = {isa = PBXBuildFile; fileRef = 650978C71625D397004A6A04 /* DWActivityManager.m */; };
		650B799D163D4D2000EDC8CB /* DWURLDownload.h in Headers */ = {isa = PBXBuildFile; fileRef = 650B799B163D4D2000EDC8CB /* DWURLDownload.h */; };
		650B799E163D4D2000EDC8CB /* DWURLDownload.m in Sources */ = {isa = PBXBuildFile; fileRef = 650B799C163D4D2000EDC8CB /* DWURLDownload.m */; };
		6514BDE3164D09F6007EBBFA /* DWWebView.h in Headers */ = {isa = PBXBuildFile; fileRef = 6514BDE1164D09F6007EBBFA /* DWWebView.h */; };
		6514BDE4164D09F6007EBBFA /* DWWebView.m in Sources */ = {isa = PBXBuildFile; fileRef = 6514BDE2164D09F6007EBBFA /* DWWebView.m */; };
		651C094D165D726D00A4BDB0 /* NSSortDescriptor+DWToolbox.h in Headers */ = {isa = PBXBuildFile; fileRef = 651C094B165D726D00A4BDB0 /* NSSortDescriptor+DWToolbox.h */; };
		651C094E165D726D00A4BDB0 /* NSSortDescriptor+DWToolbox.m in Sources */ = {isa = PBXBuildFile; fileRef = 651C094C165D726D00A4BDB0 /* NSSortDescriptor+DWToolbox.m */; };
		651C0953165E9B8800A4BDB0 /* DWConditionalInvocation.h in Headers */ = {isa = PBXBuildFile; fileRef = 651C0951165E9B8800A4BDB0 /* DWConditionalInvocation.h */; };
		651C0954165E9B8800A4BDB0 /* DWConditionalInvocation.m in Sources */ = {isa = PBXBuildFile; fileRef = 651C0952165E9B8800A4BDB0 /* DWConditionalInvocation.m */; };
		651C095A165E9BC700A4BDB0 /* DWActionSheet.h in Headers */ = {isa = PBXBuildFile; fileRef = 651C0958165E9BC700A4BDB0 /* DWActionSheet.h */; };
		651C095B165E9BC700A4BDB0 /* DWActionSheet.m in Sources */ = {isa = PBXBuildFile; fileRef = 651C0959165E9BC700A4BDB0 /* DWActionSheet.m */; };
		6524524616565FD900657594 /* NSDateFormatter+DWToolbox.h in Headers */ = {isa = PBXBuildFile; fileRef = 6524524416565FD900657594 /* NSDateFormatter+DWToolbox.h */; };
		6524524716565FD900657594 /* NSDateFormatter+DWToolbox.m in Sources */ = {isa = PBXBuildFile; fileRef = 6524524516565FD900657594 /* NSDateFormatter+DWToolbox.m */; };
		652452511656960F00657594 /* DWConfiguration.h in Headers */ = {isa = PBXBuildFile; fileRef = 6524524F1656960F00657594 /* DWConfiguration.h */; };
		652452521656960F00657594 /* DWConfiguration.m in Sources */ = {isa = PBXBuildFile; fileRef = 652452501656960F00657594 /* DWConfiguration.m */; };
		6529B89F1625A53000A82EC4 /* CoreText.framework in Frameworks */ = {isa = PBXBuildFile; fileRef = 6529B89E1625A53000A82EC4 /* CoreText.framework */; };
		65359202164826A70002FB40 /* DWBadge.h in Headers */ = {isa = PBXBuildFile; fileRef = 65359200164826A70002FB40 /* DWBadge.h */; };
		65359203164826A70002FB40 /* DWBadge.m in Sources */ = {isa = PBXBuildFile; fileRef = 65359201164826A70002FB40 /* DWBadge.m */; };
		6536600D169D6F2B003F15B0 /* CoreLocation.framework in Frameworks */ = {isa = PBXBuildFile; fileRef = 6536600C169D6F2B003F15B0 /* CoreLocation.framework */; };
		6536BDDE164955D1001A005C /* DWCountdownLabel.h in Headers */ = {isa = PBXBuildFile; fileRef = 6536BDDC164955D1001A005C /* DWCountdownLabel.h */; };
		6536BDDF164955D1001A005C /* DWCountdownLabel.m in Sources */ = {isa = PBXBuildFile; fileRef = 6536BDDD164955D1001A005C /* DWCountdownLabel.m */; };
		654525DF161F1F3E00EAAEE7 /* DWURLConnection.h in Headers */ = {isa = PBXBuildFile; fileRef = 654525DD161F1F3E00EAAEE7 /* DWURLConnection.h */; settings = {ATTRIBUTES = (); }; };
		654525E0161F1F3E00EAAEE7 /* DWURLConnection.m in Sources */ = {isa = PBXBuildFile; fileRef = 654525DE161F1F3E00EAAEE7 /* DWURLConnection.m */; };
		654C6D991653A257009816C7 /* NSObject+DWToolbox.h in Headers */ = {isa = PBXBuildFile; fileRef = 654C6D971653A257009816C7 /* NSObject+DWToolbox.h */; };
		654C6D9A1653A257009816C7 /* NSObject+DWToolbox.m in Sources */ = {isa = PBXBuildFile; fileRef = 654C6D981653A257009816C7 /* NSObject+DWToolbox.m */; };
		655E6B3115A61A2D00F9E6C5 /* Foundation.framework in Frameworks */ = {isa = PBXBuildFile; fileRef = 655E6B3015A61A2D00F9E6C5 /* Foundation.framework */; };
		656284BB1679DB1B00D5B7DC /* DWTreeNode.h in Headers */ = {isa = PBXBuildFile; fileRef = 656284B91679DB1B00D5B7DC /* DWTreeNode.h */; };
		656284BC1679DB1B00D5B7DC /* DWTreeNode.m in Sources */ = {isa = PBXBuildFile; fileRef = 656284BA1679DB1B00D5B7DC /* DWTreeNode.m */; };
		656284BF1679DC1200D5B7DC /* DWTreeCoder.h in Headers */ = {isa = PBXBuildFile; fileRef = 656284BD1679DC1200D5B7DC /* DWTreeCoder.h */; };
		656284C01679DC1200D5B7DC /* DWTreeCoder.m in Sources */ = {isa = PBXBuildFile; fileRef = 656284BE1679DC1200D5B7DC /* DWTreeCoder.m */; };
		656284D41679E1F000D5B7DC /* RXMLElement.h in Headers */ = {isa = PBXBuildFile; fileRef = 656284D21679E1F000D5B7DC /* RXMLElement.h */; };
		656284D51679E1F000D5B7DC /* RXMLElement.m in Sources */ = {isa = PBXBuildFile; fileRef = 656284D31679E1F000D5B7DC /* RXMLElement.m */; };
		656284D71679E20200D5B7DC /* libxml2.dylib in Frameworks */ = {isa = PBXBuildFile; fileRef = 656284D61679E20200D5B7DC /* libxml2.dylib */; };
		656FDB41165159CF0073A6F8 /* DWCheckbox.h in Headers */ = {isa = PBXBuildFile; fileRef = 656FDB3F165159CF0073A6F8 /* DWCheckbox.h */; };
		656FDB42165159CF0073A6F8 /* DWCheckbox.m in Sources */ = {isa = PBXBuildFile; fileRef = 656FDB40165159CF0073A6F8 /* DWCheckbox.m */; };
		656FDB61165161ED0073A6F8 /* NSBundle+DWToolbox.h in Headers */ = {isa = PBXBuildFile; fileRef = 656FDB5F165161ED0073A6F8 /* NSBundle+DWToolbox.h */; };
		656FDB62165161ED0073A6F8 /* NSBundle+DWToolbox.m in Sources */ = {isa = PBXBuildFile; fileRef = 656FDB60165161ED0073A6F8 /* NSBundle+DWToolbox.m */; };
		657E613B1653BF7F003411F7 /* DWUploadField.h in Headers */ = {isa = PBXBuildFile; fileRef = 657E61391653BF7F003411F7 /* DWUploadField.h */; };
		657E613C1653BF7F003411F7 /* DWUploadField.m in Sources */ = {isa = PBXBuildFile; fileRef = 657E613A1653BF7F003411F7 /* DWUploadField.m */; };
		65A277D81684885B00E12523 /* ISO8601DateFormatter.h in Headers */ = {isa = PBXBuildFile; fileRef = 65A277D61684885B00E12523 /* ISO8601DateFormatter.h */; };
		65A277D91684885B00E12523 /* ISO8601DateFormatter.m in Sources */ = {isa = PBXBuildFile; fileRef = 65A277D71684885B00E12523 /* ISO8601DateFormatter.m */; settings = {COMPILER_FLAGS = "-fno-objc-arc"; }; };
		65CAE99515AEF4F7000B2FE7 /* QuartzCore.framework in Frameworks */ = {isa = PBXBuildFile; fileRef = 65CAE99415AEF4F7000B2FE7 /* QuartzCore.framework */; };
		65CAE99715AEF50C000B2FE7 /* CoreGraphics.framework in Frameworks */ = {isa = PBXBuildFile; fileRef = 65CAE99615AEF50C000B2FE7 /* CoreGraphics.framework */; };
		65D4CF5E161F15110093076D /* NSAttributedString+Attributes.h in Headers */ = {isa = PBXBuildFile; fileRef = 65D4CF58161F15110093076D /* NSAttributedString+Attributes.h */; };
		65D4CF5F161F15110093076D /* NSAttributedString+Attributes.m in Sources */ = {isa = PBXBuildFile; fileRef = 65D4CF59161F15110093076D /* NSAttributedString+Attributes.m */; settings = {COMPILER_FLAGS = "-fno-objc-arc"; }; };
		65D4CF60161F15110093076D /* NSTextCheckingResult+ExtendedURL.h in Headers */ = {isa = PBXBuildFile; fileRef = 65D4CF5A161F15110093076D /* NSTextCheckingResult+ExtendedURL.h */; };
		65D4CF61161F15110093076D /* NSTextCheckingResult+ExtendedURL.m in Sources */ = {isa = PBXBuildFile; fileRef = 65D4CF5B161F15110093076D /* NSTextCheckingResult+ExtendedURL.m */; settings = {COMPILER_FLAGS = "-fno-objc-arc"; }; };
		65D4CF62161F15110093076D /* OHAttributedLabel.h in Headers */ = {isa = PBXBuildFile; fileRef = 65D4CF5C161F15110093076D /* OHAttributedLabel.h */; };
		65D4CF63161F15110093076D /* OHAttributedLabel.m in Sources */ = {isa = PBXBuildFile; fileRef = 65D4CF5D161F15110093076D /* OHAttributedLabel.m */; settings = {COMPILER_FLAGS = "-fno-objc-arc"; }; };
		65D4CF66161F15330093076D /* CoreTextUtils.h in Headers */ = {isa = PBXBuildFile; fileRef = 65D4CF64161F15330093076D /* CoreTextUtils.h */; };
		65D4CF67161F15330093076D /* CoreTextUtils.m in Sources */ = {isa = PBXBuildFile; fileRef = 65D4CF65161F15330093076D /* CoreTextUtils.m */; settings = {COMPILER_FLAGS = "-fno-objc-arc"; }; };
		65D4CF89161F17E40093076D /* DWToolbox.h in Headers */ = {isa = PBXBuildFile; fileRef = 65D4CF86161F17E30093076D /* DWToolbox.h */; };
		65D4CF8A161F17E40093076D /* DWToolbox.m in Sources */ = {isa = PBXBuildFile; fileRef = 65D4CF87161F17E40093076D /* DWToolbox.m */; };
		65D4CF8B161F17E40093076D /* Log.h in Headers */ = {isa = PBXBuildFile; fileRef = 65D4CF88161F17E40093076D /* Log.h */; };
		65D4CF97161F18120093076D /* CAKeyframeAnimation+DWToolbox.h in Headers */ = {isa = PBXBuildFile; fileRef = 65D4CF8D161F18120093076D /* CAKeyframeAnimation+DWToolbox.h */; };
		65D4CF98161F18120093076D /* CAKeyframeAnimation+DWToolbox.m in Sources */ = {isa = PBXBuildFile; fileRef = 65D4CF8E161F18120093076D /* CAKeyframeAnimation+DWToolbox.m */; };
		65D4CF99161F18120093076D /* UIColor+DWToolbox.h in Headers */ = {isa = PBXBuildFile; fileRef = 65D4CF8F161F18120093076D /* UIColor+DWToolbox.h */; };
		65D4CF9A161F18120093076D /* UIColor+DWToolbox.m in Sources */ = {isa = PBXBuildFile; fileRef = 65D4CF90161F18120093076D /* UIColor+DWToolbox.m */; };
		65D4CF9B161F18120093076D /* UIDevice+DWToolbox.h in Headers */ = {isa = PBXBuildFile; fileRef = 65D4CF91161F18120093076D /* UIDevice+DWToolbox.h */; };
		65D4CF9C161F18120093076D /* UIDevice+DWToolbox.m in Sources */ = {isa = PBXBuildFile; fileRef = 65D4CF92161F18120093076D /* UIDevice+DWToolbox.m */; };
		65D4CF9D161F18120093076D /* UIImage+DWToolbox.h in Headers */ = {isa = PBXBuildFile; fileRef = 65D4CF93161F18120093076D /* UIImage+DWToolbox.h */; };
		65D4CF9E161F18120093076D /* UIImage+DWToolbox.m in Sources */ = {isa = PBXBuildFile; fileRef = 65D4CF94161F18120093076D /* UIImage+DWToolbox.m */; };
		65D4CF9F161F18120093076D /* UIView+DWToolbox.h in Headers */ = {isa = PBXBuildFile; fileRef = 65D4CF95161F18120093076D /* UIView+DWToolbox.h */; };
		65D4CFA0161F18120093076D /* UIView+DWToolbox.m in Sources */ = {isa = PBXBuildFile; fileRef = 65D4CF96161F18120093076D /* UIView+DWToolbox.m */; };
		65D4CFA6161F18400093076D /* DWAlertView.h in Headers */ = {isa = PBXBuildFile; fileRef = 65D4CFA2161F18400093076D /* DWAlertView.h */; };
		65D4CFA7161F18400093076D /* DWAlertView.m in Sources */ = {isa = PBXBuildFile; fileRef = 65D4CFA3161F18400093076D /* DWAlertView.m */; };
		65D4CFA8161F18400093076D /* DWAlertViewBackgroundView.h in Headers */ = {isa = PBXBuildFile; fileRef = 65D4CFA4161F18400093076D /* DWAlertViewBackgroundView.h */; };
		65D4CFA9161F18400093076D /* DWAlertViewBackgroundView.m in Sources */ = {isa = PBXBuildFile; fileRef = 65D4CFA5161F18400093076D /* DWAlertViewBackgroundView.m */; };
		65D4CFAB161F18540093076D /* DWToolbox-Prefix.pch in Headers */ = {isa = PBXBuildFile; fileRef = 65D4CFAA161F18540093076D /* DWToolbox-Prefix.pch */; };
		65D991DE1647BF1F00B7CBAC /* DWImageView.h in Headers */ = {isa = PBXBuildFile; fileRef = 65D991DC1647BF1F00B7CBAC /* DWImageView.h */; };
		65D991DF1647BF1F00B7CBAC /* DWImageView.m in Sources */ = {isa = PBXBuildFile; fileRef = 65D991DD1647BF1F00B7CBAC /* DWImageView.m */; };
		65D991E31647BF4000B7CBAC /* DWLabel.h in Headers */ = {isa = PBXBuildFile; fileRef = 65D991E11647BF4000B7CBAC /* DWLabel.h */; };
		65D991E41647BF4000B7CBAC /* DWLabel.m in Sources */ = {isa = PBXBuildFile; fileRef = 65D991E21647BF4000B7CBAC /* DWLabel.m */; };
		65DCF3DE165273C300C18CEE /* DWInputTableViewController.h in Headers */ = {isa = PBXBuildFile; fileRef = 65DCF3DC165273C300C18CEE /* DWInputTableViewController.h */; };
		65DCF3DF165273C300C18CEE /* DWInputTableViewController.m in Sources */ = {isa = PBXBuildFile; fileRef = 65DCF3DD165273C300C18CEE /* DWInputTableViewController.m */; };
		65E7E3EB166DF46800228834 /* DWWindow.h in Headers */ = {isa = PBXBuildFile; fileRef = 65E7E3E9166DF46800228834 /* DWWindow.h */; };
		65E7E3EC166DF46800228834 /* DWWindow.m in Sources */ = {isa = PBXBuildFile; fileRef = 65E7E3EA166DF46800228834 /* DWWindow.m */; };
		65FE593E165A248F00B73BE4 /* DWTextStyle.h in Headers */ = {isa = PBXBuildFile; fileRef = 65FE593C165A248F00B73BE4 /* DWTextStyle.h */; };
		65FE593F165A248F00B73BE4 /* DWTextStyle.m in Sources */ = {isa = PBXBuildFile; fileRef = 65FE593D165A248F00B73BE4 /* DWTextStyle.m */; };
		65FE5942165A29DA00B73BE4 /* UIFont+DWToolbox.h in Headers */ = {isa = PBXBuildFile; fileRef = 65FE5940165A29DA00B73BE4 /* UIFont+DWToolbox.h */; };
		65FE5943165A29DA00B73BE4 /* UIFont+DWToolbox.m in Sources */ = {isa = PBXBuildFile; fileRef = 65FE5941165A29DA00B73BE4 /* UIFont+DWToolbox.m */; };
		65FE594C165A3EAF00B73BE4 /* UIColor+Expanded.h in Headers */ = {isa = PBXBuildFile; fileRef = 65FE5948165A3EAF00B73BE4 /* UIColor+Expanded.h */; };
		65FE594D165A3EAF00B73BE4 /* UIColor+Expanded.m in Sources */ = {isa = PBXBuildFile; fileRef = 65FE5949165A3EAF00B73BE4 /* UIColor+Expanded.m */; };
		65FE594E165A3EAF00B73BE4 /* UIColor+HSV.h in Headers */ = {isa = PBXBuildFile; fileRef = 65FE594A165A3EAF00B73BE4 /* UIColor+HSV.h */; };
		65FE594F165A3EAF00B73BE4 /* UIColor+HSV.m in Sources */ = {isa = PBXBuildFile; fileRef = 65FE594B165A3EAF00B73BE4 /* UIColor+HSV.m */; };
		65FF051D169C46ED0081290E /* DWObjectPropertyDescription_Private.h in Headers */ = {isa = PBXBuildFile; fileRef = 65FF051A169C46ED0081290E /* DWObjectPropertyDescription_Private.h */; };
		65FF051E169C46ED0081290E /* DWObjectPropertyDescription.h in Headers */ = {isa = PBXBuildFile; fileRef = 65FF051B169C46ED0081290E /* DWObjectPropertyDescription.h */; };
		65FF051F169C46ED0081290E /* DWObjectPropertyDescription.m in Sources */ = {isa = PBXBuildFile; fileRef = 65FF051C169C46ED0081290E /* DWObjectPropertyDescription.m */; };
/* End PBXBuildFile section */

/* Begin PBXContainerItemProxy section */
		65F23273169D7B9A00C8FD87 /* PBXContainerItemProxy */ = {
			isa = PBXContainerItemProxy;
			containerPortal = 655E6B2415A61A2D00F9E6C5 /* Project object */;
			proxyType = 1;
			remoteGlobalIDString = 65F2326F169D7B9100C8FD87;
			remoteInfo = Documentation;
		};
/* End PBXContainerItemProxy section */

/* Begin PBXFileReference section */
		650978BD1625D129004A6A04 /* NSString+DWToolbox.h */ = {isa = PBXFileReference; fileEncoding = 4; lastKnownFileType = sourcecode.c.h; path = "NSString+DWToolbox.h"; sourceTree = "<group>"; };
		650978BE1625D129004A6A04 /* NSString+DWToolbox.m */ = {isa = PBXFileReference; fileEncoding = 4; lastKnownFileType = sourcecode.c.objc; path = "NSString+DWToolbox.m"; sourceTree = "<group>"; };
		650978C61625D397004A6A04 /* DWActivityManager.h */ = {isa = PBXFileReference; fileEncoding = 4; lastKnownFileType = sourcecode.c.h; name = DWActivityManager.h; path = Classes/DWActivityManager.h; sourceTree = SOURCE_ROOT; };
		650978C71625D397004A6A04 /* DWActivityManager.m */ = {isa = PBXFileReference; fileEncoding = 4; lastKnownFileType = sourcecode.c.objc; name = DWActivityManager.m; path = Classes/DWActivityManager.m; sourceTree = SOURCE_ROOT; };
		650B799B163D4D2000EDC8CB /* DWURLDownload.h */ = {isa = PBXFileReference; fileEncoding = 4; lastKnownFileType = sourcecode.c.h; name = DWURLDownload.h; path = Classes/DWURLDownload.h; sourceTree = SOURCE_ROOT; };
		650B799C163D4D2000EDC8CB /* DWURLDownload.m */ = {isa = PBXFileReference; fileEncoding = 4; lastKnownFileType = sourcecode.c.objc; name = DWURLDownload.m; path = Classes/DWURLDownload.m; sourceTree = SOURCE_ROOT; };
		6514BDE1164D09F6007EBBFA /* DWWebView.h */ = {isa = PBXFileReference; fileEncoding = 4; lastKnownFileType = sourcecode.c.h; name = DWWebView.h; path = Classes/DWWebView.h; sourceTree = SOURCE_ROOT; };
		6514BDE2164D09F6007EBBFA /* DWWebView.m */ = {isa = PBXFileReference; fileEncoding = 4; lastKnownFileType = sourcecode.c.objc; name = DWWebView.m; path = Classes/DWWebView.m; sourceTree = SOURCE_ROOT; };
		651C094B165D726D00A4BDB0 /* NSSortDescriptor+DWToolbox.h */ = {isa = PBXFileReference; fileEncoding = 4; lastKnownFileType = sourcecode.c.h; path = "NSSortDescriptor+DWToolbox.h"; sourceTree = "<group>"; };
		651C094C165D726D00A4BDB0 /* NSSortDescriptor+DWToolbox.m */ = {isa = PBXFileReference; fileEncoding = 4; lastKnownFileType = sourcecode.c.objc; path = "NSSortDescriptor+DWToolbox.m"; sourceTree = "<group>"; };
		651C0951165E9B8800A4BDB0 /* DWConditionalInvocation.h */ = {isa = PBXFileReference; fileEncoding = 4; lastKnownFileType = sourcecode.c.h; name = DWConditionalInvocation.h; path = Classes/DWConditionalInvocation.h; sourceTree = SOURCE_ROOT; };
		651C0952165E9B8800A4BDB0 /* DWConditionalInvocation.m */ = {isa = PBXFileReference; fileEncoding = 4; lastKnownFileType = sourcecode.c.objc; name = DWConditionalInvocation.m; path = Classes/DWConditionalInvocation.m; sourceTree = SOURCE_ROOT; };
		651C0958165E9BC700A4BDB0 /* DWActionSheet.h */ = {isa = PBXFileReference; fileEncoding = 4; lastKnownFileType = sourcecode.c.h; name = DWActionSheet.h; path = Classes/DWActionSheet.h; sourceTree = SOURCE_ROOT; };
		651C0959165E9BC700A4BDB0 /* DWActionSheet.m */ = {isa = PBXFileReference; fileEncoding = 4; lastKnownFileType = sourcecode.c.objc; name = DWActionSheet.m; path = Classes/DWActionSheet.m; sourceTree = SOURCE_ROOT; };
		6524524416565FD900657594 /* NSDateFormatter+DWToolbox.h */ = {isa = PBXFileReference; fileEncoding = 4; lastKnownFileType = sourcecode.c.h; path = "NSDateFormatter+DWToolbox.h"; sourceTree = "<group>"; };
		6524524516565FD900657594 /* NSDateFormatter+DWToolbox.m */ = {isa = PBXFileReference; fileEncoding = 4; lastKnownFileType = sourcecode.c.objc; path = "NSDateFormatter+DWToolbox.m"; sourceTree = "<group>"; };
		6524524F1656960F00657594 /* DWConfiguration.h */ = {isa = PBXFileReference; fileEncoding = 4; lastKnownFileType = sourcecode.c.h; name = DWConfiguration.h; path = Classes/DWConfiguration.h; sourceTree = SOURCE_ROOT; };
		652452501656960F00657594 /* DWConfiguration.m */ = {isa = PBXFileReference; fileEncoding = 4; lastKnownFileType = sourcecode.c.objc; name = DWConfiguration.m; path = Classes/DWConfiguration.m; sourceTree = SOURCE_ROOT; };
		6529B89E1625A53000A82EC4 /* CoreText.framework */ = {isa = PBXFileReference; lastKnownFileType = wrapper.framework; name = CoreText.framework; path = System/Library/Frameworks/CoreText.framework; sourceTree = SDKROOT; };
		65359200164826A70002FB40 /* DWBadge.h */ = {isa = PBXFileReference; fileEncoding = 4; lastKnownFileType = sourcecode.c.h; name = DWBadge.h; path = Classes/DWBadge.h; sourceTree = SOURCE_ROOT; };
		65359201164826A70002FB40 /* DWBadge.m */ = {isa = PBXFileReference; fileEncoding = 4; lastKnownFileType = sourcecode.c.objc; name = DWBadge.m; path = Classes/DWBadge.m; sourceTree = SOURCE_ROOT; };
		6536600C169D6F2B003F15B0 /* CoreLocation.framework */ = {isa = PBXFileReference; lastKnownFileType = wrapper.framework; name = CoreLocation.framework; path = System/Library/Frameworks/CoreLocation.framework; sourceTree = SDKROOT; };
		6536BDDC164955D1001A005C /* DWCountdownLabel.h */ = {isa = PBXFileReference; fileEncoding = 4; lastKnownFileType = sourcecode.c.h; name = DWCountdownLabel.h; path = Classes/DWCountdownLabel.h; sourceTree = SOURCE_ROOT; };
		6536BDDD164955D1001A005C /* DWCountdownLabel.m */ = {isa = PBXFileReference; fileEncoding = 4; lastKnownFileType = sourcecode.c.objc; name = DWCountdownLabel.m; path = Classes/DWCountdownLabel.m; sourceTree = SOURCE_ROOT; };
		654525DD161F1F3E00EAAEE7 /* DWURLConnection.h */ = {isa = PBXFileReference; fileEncoding = 4; lastKnownFileType = sourcecode.c.h; name = DWURLConnection.h; path = Classes/DWURLConnection.h; sourceTree = SOURCE_ROOT; };
		654525DE161F1F3E00EAAEE7 /* DWURLConnection.m */ = {isa = PBXFileReference; fileEncoding = 4; lastKnownFileType = sourcecode.c.objc; name = DWURLConnection.m; path = Classes/DWURLConnection.m; sourceTree = SOURCE_ROOT; };
		654C6D971653A257009816C7 /* NSObject+DWToolbox.h */ = {isa = PBXFileReference; fileEncoding = 4; lastKnownFileType = sourcecode.c.h; path = "NSObject+DWToolbox.h"; sourceTree = "<group>"; };
		654C6D981653A257009816C7 /* NSObject+DWToolbox.m */ = {isa = PBXFileReference; fileEncoding = 4; lastKnownFileType = sourcecode.c.objc; path = "NSObject+DWToolbox.m"; sourceTree = "<group>"; };
		655E6B2D15A61A2D00F9E6C5 /* libDWToolbox.a */ = {isa = PBXFileReference; explicitFileType = archive.ar; includeInIndex = 0; path = libDWToolbox.a; sourceTree = BUILT_PRODUCTS_DIR; };
		655E6B3015A61A2D00F9E6C5 /* Foundation.framework */ = {isa = PBXFileReference; lastKnownFileType = wrapper.framework; name = Foundation.framework; path = System/Library/Frameworks/Foundation.framework; sourceTree = SDKROOT; };
		656284B91679DB1B00D5B7DC /* DWTreeNode.h */ = {isa = PBXFileReference; fileEncoding = 4; lastKnownFileType = sourcecode.c.h; name = DWTreeNode.h; path = Classes/DWTreeNode.h; sourceTree = SOURCE_ROOT; };
		656284BA1679DB1B00D5B7DC /* DWTreeNode.m */ = {isa = PBXFileReference; fileEncoding = 4; lastKnownFileType = sourcecode.c.objc; name = DWTreeNode.m; path = Classes/DWTreeNode.m; sourceTree = SOURCE_ROOT; };
		656284BD1679DC1200D5B7DC /* DWTreeCoder.h */ = {isa = PBXFileReference; fileEncoding = 4; lastKnownFileType = sourcecode.c.h; name = DWTreeCoder.h; path = Classes/DWTreeCoder.h; sourceTree = SOURCE_ROOT; };
		656284BE1679DC1200D5B7DC /* DWTreeCoder.m */ = {isa = PBXFileReference; fileEncoding = 4; lastKnownFileType = sourcecode.c.objc; name = DWTreeCoder.m; path = Classes/DWTreeCoder.m; sourceTree = SOURCE_ROOT; };
		656284C11679E01C00D5B7DC /* DWTreeNode_Private.h */ = {isa = PBXFileReference; lastKnownFileType = sourcecode.c.h; name = DWTreeNode_Private.h; path = Classes/DWTreeNode_Private.h; sourceTree = SOURCE_ROOT; };
		656284D21679E1F000D5B7DC /* RXMLElement.h */ = {isa = PBXFileReference; fileEncoding = 4; lastKnownFileType = sourcecode.c.h; name = RXMLElement.h; path = ThirdParty/RaptureXML/RaptureXML/RXMLElement.h; sourceTree = SOURCE_ROOT; };
		656284D31679E1F000D5B7DC /* RXMLElement.m */ = {isa = PBXFileReference; fileEncoding = 4; lastKnownFileType = sourcecode.c.objc; name = RXMLElement.m; path = ThirdParty/RaptureXML/RaptureXML/RXMLElement.m; sourceTree = SOURCE_ROOT; };
		656284D61679E20200D5B7DC /* libxml2.dylib */ = {isa = PBXFileReference; lastKnownFileType = "compiled.mach-o.dylib"; name = libxml2.dylib; path = usr/lib/libxml2.dylib; sourceTree = SDKROOT; };
		656FDB3F165159CF0073A6F8 /* DWCheckbox.h */ = {isa = PBXFileReference; fileEncoding = 4; lastKnownFileType = sourcecode.c.h; name = DWCheckbox.h; path = Classes/DWCheckbox.h; sourceTree = SOURCE_ROOT; };
		656FDB40165159CF0073A6F8 /* DWCheckbox.m */ = {isa = PBXFileReference; fileEncoding = 4; lastKnownFileType = sourcecode.c.objc; name = DWCheckbox.m; path = Classes/DWCheckbox.m; sourceTree = SOURCE_ROOT; };
		656FDB4D16515F800073A6F8 /* CoreFoundation.framework */ = {isa = PBXFileReference; lastKnownFileType = wrapper.framework; name = CoreFoundation.framework; path = System/Library/Frameworks/CoreFoundation.framework; sourceTree = SDKROOT; };
		656FDB5F165161ED0073A6F8 /* NSBundle+DWToolbox.h */ = {isa = PBXFileReference; fileEncoding = 4; lastKnownFileType = sourcecode.c.h; path = "NSBundle+DWToolbox.h"; sourceTree = "<group>"; };
		656FDB60165161ED0073A6F8 /* NSBundle+DWToolbox.m */ = {isa = PBXFileReference; fileEncoding = 4; lastKnownFileType = sourcecode.c.objc; path = "NSBundle+DWToolbox.m"; sourceTree = "<group>"; };
		657E61391653BF7F003411F7 /* DWUploadField.h */ = {isa = PBXFileReference; fileEncoding = 4; lastKnownFileType = sourcecode.c.h; name = DWUploadField.h; path = Classes/DWUploadField.h; sourceTree = SOURCE_ROOT; };
		657E613A1653BF7F003411F7 /* DWUploadField.m */ = {isa = PBXFileReference; fileEncoding = 4; lastKnownFileType = sourcecode.c.objc; name = DWUploadField.m; path = Classes/DWUploadField.m; sourceTree = SOURCE_ROOT; };
		65A277D61684885B00E12523 /* ISO8601DateFormatter.h */ = {isa = PBXFileReference; fileEncoding = 4; lastKnownFileType = sourcecode.c.h; name = ISO8601DateFormatter.h; path = "ThirdParty/iso-8601-date-formatter/ISO8601DateFormatter.h"; sourceTree = SOURCE_ROOT; };
		65A277D71684885B00E12523 /* ISO8601DateFormatter.m */ = {isa = PBXFileReference; fileEncoding = 4; lastKnownFileType = sourcecode.c.objc; name = ISO8601DateFormatter.m; path = "ThirdParty/iso-8601-date-formatter/ISO8601DateFormatter.m"; sourceTree = SOURCE_ROOT; };
		65CAE99415AEF4F7000B2FE7 /* QuartzCore.framework */ = {isa = PBXFileReference; lastKnownFileType = wrapper.framework; name = QuartzCore.framework; path = System/Library/Frameworks/QuartzCore.framework; sourceTree = SDKROOT; };
		65CAE99615AEF50C000B2FE7 /* CoreGraphics.framework */ = {isa = PBXFileReference; lastKnownFileType = wrapper.framework; name = CoreGraphics.framework; path = System/Library/Frameworks/CoreGraphics.framework; sourceTree = SDKROOT; };
		65D4CF58161F15110093076D /* NSAttributedString+Attributes.h */ = {isa = PBXFileReference; fileEncoding = 4; lastKnownFileType = sourcecode.c.h; name = "NSAttributedString+Attributes.h"; path = "ThirdParty/OHAttributedLabel/OHAttributedLabel/Source/NSAttributedString+Attributes.h"; sourceTree = SOURCE_ROOT; };
		65D4CF59161F15110093076D /* NSAttributedString+Attributes.m */ = {isa = PBXFileReference; fileEncoding = 4; lastKnownFileType = sourcecode.c.objc; name = "NSAttributedString+Attributes.m"; path = "ThirdParty/OHAttributedLabel/OHAttributedLabel/Source/NSAttributedString+Attributes.m"; sourceTree = SOURCE_ROOT; };
		65D4CF5A161F15110093076D /* NSTextCheckingResult+ExtendedURL.h */ = {isa = PBXFileReference; fileEncoding = 4; lastKnownFileType = sourcecode.c.h; name = "NSTextCheckingResult+ExtendedURL.h"; path = "ThirdParty/OHAttributedLabel/OHAttributedLabel/Source/NSTextCheckingResult+ExtendedURL.h"; sourceTree = SOURCE_ROOT; };
		65D4CF5B161F15110093076D /* NSTextCheckingResult+ExtendedURL.m */ = {isa = PBXFileReference; fileEncoding = 4; lastKnownFileType = sourcecode.c.objc; name = "NSTextCheckingResult+ExtendedURL.m"; path = "ThirdParty/OHAttributedLabel/OHAttributedLabel/Source/NSTextCheckingResult+ExtendedURL.m"; sourceTree = SOURCE_ROOT; };
		65D4CF5C161F15110093076D /* OHAttributedLabel.h */ = {isa = PBXFileReference; fileEncoding = 4; lastKnownFileType = sourcecode.c.h; name = OHAttributedLabel.h; path = ThirdParty/OHAttributedLabel/OHAttributedLabel/Source/OHAttributedLabel.h; sourceTree = SOURCE_ROOT; };
		65D4CF5D161F15110093076D /* OHAttributedLabel.m */ = {isa = PBXFileReference; fileEncoding = 4; lastKnownFileType = sourcecode.c.objc; name = OHAttributedLabel.m; path = ThirdParty/OHAttributedLabel/OHAttributedLabel/Source/OHAttributedLabel.m; sourceTree = SOURCE_ROOT; };
		65D4CF64161F15330093076D /* CoreTextUtils.h */ = {isa = PBXFileReference; fileEncoding = 4; lastKnownFileType = sourcecode.c.h; name = CoreTextUtils.h; path = ThirdParty/OHAttributedLabel/OHAttributedLabel/PrivateUtils/CoreTextUtils.h; sourceTree = SOURCE_ROOT; };
		65D4CF65161F15330093076D /* CoreTextUtils.m */ = {isa = PBXFileReference; fileEncoding = 4; lastKnownFileType = sourcecode.c.objc; name = CoreTextUtils.m; path = ThirdParty/OHAttributedLabel/OHAttributedLabel/PrivateUtils/CoreTextUtils.m; sourceTree = SOURCE_ROOT; };
		65D4CF86161F17E30093076D /* DWToolbox.h */ = {isa = PBXFileReference; fileEncoding = 4; lastKnownFileType = sourcecode.c.h; path = DWToolbox.h; sourceTree = SOURCE_ROOT; };
		65D4CF87161F17E40093076D /* DWToolbox.m */ = {isa = PBXFileReference; fileEncoding = 4; lastKnownFileType = sourcecode.c.objc; path = DWToolbox.m; sourceTree = SOURCE_ROOT; };
		65D4CF88161F17E40093076D /* Log.h */ = {isa = PBXFileReference; fileEncoding = 4; lastKnownFileType = sourcecode.c.h; path = Log.h; sourceTree = SOURCE_ROOT; };
		65D4CF8D161F18120093076D /* CAKeyframeAnimation+DWToolbox.h */ = {isa = PBXFileReference; fileEncoding = 4; lastKnownFileType = sourcecode.c.h; path = "CAKeyframeAnimation+DWToolbox.h"; sourceTree = "<group>"; };
		65D4CF8E161F18120093076D /* CAKeyframeAnimation+DWToolbox.m */ = {isa = PBXFileReference; fileEncoding = 4; lastKnownFileType = sourcecode.c.objc; path = "CAKeyframeAnimation+DWToolbox.m"; sourceTree = "<group>"; };
		65D4CF8F161F18120093076D /* UIColor+DWToolbox.h */ = {isa = PBXFileReference; fileEncoding = 4; lastKnownFileType = sourcecode.c.h; path = "UIColor+DWToolbox.h"; sourceTree = "<group>"; };
		65D4CF90161F18120093076D /* UIColor+DWToolbox.m */ = {isa = PBXFileReference; fileEncoding = 4; lastKnownFileType = sourcecode.c.objc; path = "UIColor+DWToolbox.m"; sourceTree = "<group>"; };
		65D4CF91161F18120093076D /* UIDevice+DWToolbox.h */ = {isa = PBXFileReference; fileEncoding = 4; lastKnownFileType = sourcecode.c.h; path = "UIDevice+DWToolbox.h"; sourceTree = "<group>"; };
		65D4CF92161F18120093076D /* UIDevice+DWToolbox.m */ = {isa = PBXFileReference; fileEncoding = 4; lastKnownFileType = sourcecode.c.objc; path = "UIDevice+DWToolbox.m"; sourceTree = "<group>"; };
		65D4CF93161F18120093076D /* UIImage+DWToolbox.h */ = {isa = PBXFileReference; fileEncoding = 4; lastKnownFileType = sourcecode.c.h; path = "UIImage+DWToolbox.h"; sourceTree = "<group>"; };
		65D4CF94161F18120093076D /* UIImage+DWToolbox.m */ = {isa = PBXFileReference; fileEncoding = 4; lastKnownFileType = sourcecode.c.objc; path = "UIImage+DWToolbox.m"; sourceTree = "<group>"; };
		65D4CF95161F18120093076D /* UIView+DWToolbox.h */ = {isa = PBXFileReference; fileEncoding = 4; lastKnownFileType = sourcecode.c.h; path = "UIView+DWToolbox.h"; sourceTree = "<group>"; };
		65D4CF96161F18120093076D /* UIView+DWToolbox.m */ = {isa = PBXFileReference; fileEncoding = 4; lastKnownFileType = sourcecode.c.objc; path = "UIView+DWToolbox.m"; sourceTree = "<group>"; };
		65D4CFA2161F18400093076D /* DWAlertView.h */ = {isa = PBXFileReference; fileEncoding = 4; lastKnownFileType = sourcecode.c.h; name = DWAlertView.h; path = Classes/DWAlertView.h; sourceTree = SOURCE_ROOT; };
		65D4CFA3161F18400093076D /* DWAlertView.m */ = {isa = PBXFileReference; fileEncoding = 4; lastKnownFileType = sourcecode.c.objc; name = DWAlertView.m; path = Classes/DWAlertView.m; sourceTree = SOURCE_ROOT; };
		65D4CFA4161F18400093076D /* DWAlertViewBackgroundView.h */ = {isa = PBXFileReference; fileEncoding = 4; lastKnownFileType = sourcecode.c.h; name = DWAlertViewBackgroundView.h; path = Classes/DWAlertViewBackgroundView.h; sourceTree = SOURCE_ROOT; };
		65D4CFA5161F18400093076D /* DWAlertViewBackgroundView.m */ = {isa = PBXFileReference; fileEncoding = 4; lastKnownFileType = sourcecode.c.objc; name = DWAlertViewBackgroundView.m; path = Classes/DWAlertViewBackgroundView.m; sourceTree = SOURCE_ROOT; };
		65D4CFAA161F18540093076D /* DWToolbox-Prefix.pch */ = {isa = PBXFileReference; fileEncoding = 4; lastKnownFileType = sourcecode.c.h; path = "DWToolbox-Prefix.pch"; sourceTree = SOURCE_ROOT; };
		65D991DC1647BF1F00B7CBAC /* DWImageView.h */ = {isa = PBXFileReference; fileEncoding = 4; lastKnownFileType = sourcecode.c.h; name = DWImageView.h; path = Classes/DWImageView.h; sourceTree = SOURCE_ROOT; };
		65D991DD1647BF1F00B7CBAC /* DWImageView.m */ = {isa = PBXFileReference; fileEncoding = 4; lastKnownFileType = sourcecode.c.objc; name = DWImageView.m; path = Classes/DWImageView.m; sourceTree = SOURCE_ROOT; };
		65D991E11647BF4000B7CBAC /* DWLabel.h */ = {isa = PBXFileReference; fileEncoding = 4; lastKnownFileType = sourcecode.c.h; name = DWLabel.h; path = Classes/DWLabel.h; sourceTree = SOURCE_ROOT; };
		65D991E21647BF4000B7CBAC /* DWLabel.m */ = {isa = PBXFileReference; fileEncoding = 4; lastKnownFileType = sourcecode.c.objc; name = DWLabel.m; path = Classes/DWLabel.m; sourceTree = SOURCE_ROOT; };
		65DCF3DC165273C300C18CEE /* DWInputTableViewController.h */ = {isa = PBXFileReference; fileEncoding = 4; lastKnownFileType = sourcecode.c.h; name = DWInputTableViewController.h; path = Classes/DWInputTableViewController.h; sourceTree = SOURCE_ROOT; };
		65DCF3DD165273C300C18CEE /* DWInputTableViewController.m */ = {isa = PBXFileReference; fileEncoding = 4; lastKnownFileType = sourcecode.c.objc; name = DWInputTableViewController.m; path = Classes/DWInputTableViewController.m; sourceTree = SOURCE_ROOT; };
		65E7E3E9166DF46800228834 /* DWWindow.h */ = {isa = PBXFileReference; fileEncoding = 4; lastKnownFileType = sourcecode.c.h; name = DWWindow.h; path = Classes/DWWindow.h; sourceTree = SOURCE_ROOT; };
		65E7E3EA166DF46800228834 /* DWWindow.m */ = {isa = PBXFileReference; fileEncoding = 4; lastKnownFileType = sourcecode.c.objc; name = DWWindow.m; path = Classes/DWWindow.m; sourceTree = SOURCE_ROOT; };
		65F2326C169D7A4C00C8FD87 /* AppledocSettings.plist */ = {isa = PBXFileReference; lastKnownFileType = text.plist.xml; path = AppledocSettings.plist; sourceTree = SOURCE_ROOT; };
		65FE593C165A248F00B73BE4 /* DWTextStyle.h */ = {isa = PBXFileReference; fileEncoding = 4; lastKnownFileType = sourcecode.c.h; name = DWTextStyle.h; path = Classes/DWTextStyle.h; sourceTree = SOURCE_ROOT; };
		65FE593D165A248F00B73BE4 /* DWTextStyle.m */ = {isa = PBXFileReference; fileEncoding = 4; lastKnownFileType = sourcecode.c.objc; name = DWTextStyle.m; path = Classes/DWTextStyle.m; sourceTree = SOURCE_ROOT; };
		65FE5940165A29DA00B73BE4 /* UIFont+DWToolbox.h */ = {isa = PBXFileReference; fileEncoding = 4; lastKnownFileType = sourcecode.c.h; path = "UIFont+DWToolbox.h"; sourceTree = "<group>"; };
		65FE5941165A29DA00B73BE4 /* UIFont+DWToolbox.m */ = {isa = PBXFileReference; fileEncoding = 4; lastKnownFileType = sourcecode.c.objc; path = "UIFont+DWToolbox.m"; sourceTree = "<group>"; };
		65FE5948165A3EAF00B73BE4 /* UIColor+Expanded.h */ = {isa = PBXFileReference; fileEncoding = 4; lastKnownFileType = sourcecode.c.h; path = "UIColor+Expanded.h"; sourceTree = "<group>"; };
		65FE5949165A3EAF00B73BE4 /* UIColor+Expanded.m */ = {isa = PBXFileReference; fileEncoding = 4; lastKnownFileType = sourcecode.c.objc; path = "UIColor+Expanded.m"; sourceTree = "<group>"; };
		65FE594A165A3EAF00B73BE4 /* UIColor+HSV.h */ = {isa = PBXFileReference; fileEncoding = 4; lastKnownFileType = sourcecode.c.h; path = "UIColor+HSV.h"; sourceTree = "<group>"; };
		65FE594B165A3EAF00B73BE4 /* UIColor+HSV.m */ = {isa = PBXFileReference; fileEncoding = 4; lastKnownFileType = sourcecode.c.objc; path = "UIColor+HSV.m"; sourceTree = "<group>"; };
		65FE5950165A43CF00B73BE4 /* DWTextStyle_Private.h */ = {isa = PBXFileReference; lastKnownFileType = sourcecode.c.h; name = DWTextStyle_Private.h; path = Classes/DWTextStyle_Private.h; sourceTree = SOURCE_ROOT; };
		65FF051A169C46ED0081290E /* DWObjectPropertyDescription_Private.h */ = {isa = PBXFileReference; fileEncoding = 4; lastKnownFileType = sourcecode.c.h; path = DWObjectPropertyDescription_Private.h; sourceTree = SOURCE_ROOT; };
		65FF051B169C46ED0081290E /* DWObjectPropertyDescription.h */ = {isa = PBXFileReference; fileEncoding = 4; lastKnownFileType = sourcecode.c.h; path = DWObjectPropertyDescription.h; sourceTree = SOURCE_ROOT; };
		65FF051C169C46ED0081290E /* DWObjectPropertyDescription.m */ = {isa = PBXFileReference; fileEncoding = 4; lastKnownFileType = sourcecode.c.objc; path = DWObjectPropertyDescription.m; sourceTree = SOURCE_ROOT; };
/* End PBXFileReference section */

/* Begin PBXFrameworksBuildPhase section */
		655E6B2A15A61A2D00F9E6C5 /* Frameworks */ = {
			isa = PBXFrameworksBuildPhase;
			buildActionMask = 2147483647;
			files = (
				6536600D169D6F2B003F15B0 /* CoreLocation.framework in Frameworks */,
				656284D71679E20200D5B7DC /* libxml2.dylib in Frameworks */,
				6529B89F1625A53000A82EC4 /* CoreText.framework in Frameworks */,
				65CAE99715AEF50C000B2FE7 /* CoreGraphics.framework in Frameworks */,
				65CAE99515AEF4F7000B2FE7 /* QuartzCore.framework in Frameworks */,
				655E6B3115A61A2D00F9E6C5 /* Foundation.framework in Frameworks */,
			);
			runOnlyForDeploymentPostprocessing = 0;
		};
/* End PBXFrameworksBuildPhase section */

/* Begin PBXGroup section */
		6514BDDC164D09B8007EBBFA /* Views */ = {
			isa = PBXGroup;
			children = (
				65E7E3E9166DF46800228834 /* DWWindow.h */,
				65E7E3EA166DF46800228834 /* DWWindow.m */,
			);
			name = Views;
			sourceTree = "<group>";
		};
		651C0950165E989000A4BDB0 /* Events */ = {
			isa = PBXGroup;
			children = (
				651C0951165E9B8800A4BDB0 /* DWConditionalInvocation.h */,
				651C0952165E9B8800A4BDB0 /* DWConditionalInvocation.m */,
			);
			name = Events;
			sourceTree = "<group>";
		};
		654525DB161F1F2100EAAEE7 /* Helper */ = {
			isa = PBXGroup;
			children = (
				656284B71679DB0700D5B7DC /* TreeNode */,
				651C0950165E989000A4BDB0 /* Events */,
				65FE593A165A247300B73BE4 /* Configuration */,
				657E61371653BBD7003411F7 /* Network */,
				65DCF3D61652737200C18CEE /* InputController */,
				650978C61625D397004A6A04 /* DWActivityManager.h */,
				650978C71625D397004A6A04 /* DWActivityManager.m */,
			);
			name = Helper;
			sourceTree = "<group>";
		};
		655E6B2215A61A2D00F9E6C5 = {
			isa = PBXGroup;
			children = (
				655E6B3215A61A2D00F9E6C5 /* DWToolbox */,
				655E6B2F15A61A2D00F9E6C5 /* Frameworks */,
				655E6B2E15A61A2D00F9E6C5 /* Products */,
			);
			sourceTree = "<group>";
		};
		655E6B2E15A61A2D00F9E6C5 /* Products */ = {
			isa = PBXGroup;
			children = (
				655E6B2D15A61A2D00F9E6C5 /* libDWToolbox.a */,
			);
			name = Products;
			sourceTree = "<group>";
		};
		655E6B2F15A61A2D00F9E6C5 /* Frameworks */ = {
			isa = PBXGroup;
			children = (
				6536600C169D6F2B003F15B0 /* CoreLocation.framework */,
				656284D61679E20200D5B7DC /* libxml2.dylib */,
				6529B89E1625A53000A82EC4 /* CoreText.framework */,
				65CAE99615AEF50C000B2FE7 /* CoreGraphics.framework */,
				65CAE99415AEF4F7000B2FE7 /* QuartzCore.framework */,
				655E6B3015A61A2D00F9E6C5 /* Foundation.framework */,
				656FDB4D16515F800073A6F8 /* CoreFoundation.framework */,
			);
			name = Frameworks;
			sourceTree = "<group>";
		};
		655E6B3215A61A2D00F9E6C5 /* DWToolbox */ = {
			isa = PBXGroup;
			children = (
				6514BDDC164D09B8007EBBFA /* Views */,
				65D991E51647BF4400B7CBAC /* Controls */,
				654525DB161F1F2100EAAEE7 /* Helper */,
				65D4CF8C161F18120093076D /* Additions */,
				65D4CF86161F17E30093076D /* DWToolbox.h */,
				65D4CF87161F17E40093076D /* DWToolbox.m */,
				65D4CF88161F17E40093076D /* Log.h */,
				65CAE95B15AEF3A5000B2FE7 /* Third Party */,
				655E6B3315A61A2D00F9E6C5 /* Supporting Files */,
			);
			name = DWToolbox;
			path = dwToolbox;
			sourceTree = "<group>";
		};
		655E6B3315A61A2D00F9E6C5 /* Supporting Files */ = {
			isa = PBXGroup;
			children = (
				65F2326C169D7A4C00C8FD87 /* AppledocSettings.plist */,
				65D4CFAA161F18540093076D /* DWToolbox-Prefix.pch */,
			);
			name = "Supporting Files";
			sourceTree = "<group>";
		};
		656284B71679DB0700D5B7DC /* TreeNode */ = {
			isa = PBXGroup;
			children = (
				65FF051A169C46ED0081290E /* DWObjectPropertyDescription_Private.h */,
				65FF051B169C46ED0081290E /* DWObjectPropertyDescription.h */,
				65FF051C169C46ED0081290E /* DWObjectPropertyDescription.m */,
				656284B91679DB1B00D5B7DC /* DWTreeNode.h */,
				656284C11679E01C00D5B7DC /* DWTreeNode_Private.h */,
				656284BA1679DB1B00D5B7DC /* DWTreeNode.m */,
				656284BD1679DC1200D5B7DC /* DWTreeCoder.h */,
				656284BE1679DC1200D5B7DC /* DWTreeCoder.m */,
			);
			name = TreeNode;
			sourceTree = "<group>";
		};
		656284D11679E1CC00D5B7DC /* RaptureXML */ = {
			isa = PBXGroup;
			children = (
				656284D21679E1F000D5B7DC /* RXMLElement.h */,
				656284D31679E1F000D5B7DC /* RXMLElement.m */,
			);
			name = RaptureXML;
			sourceTree = "<group>";
		};
		657E61371653BBD7003411F7 /* Network */ = {
			isa = PBXGroup;
			children = (
				654525DD161F1F3E00EAAEE7 /* DWURLConnection.h */,
				654525DE161F1F3E00EAAEE7 /* DWURLConnection.m */,
				650B799B163D4D2000EDC8CB /* DWURLDownload.h */,
				650B799C163D4D2000EDC8CB /* DWURLDownload.m */,
				657E61391653BF7F003411F7 /* DWUploadField.h */,
				657E613A1653BF7F003411F7 /* DWUploadField.m */,
			);
			name = Network;
			sourceTree = "<group>";
		};
		65A277D41684885400E12523 /* iso-8601-date-formatter */ = {
			isa = PBXGroup;
			children = (
				65A277D61684885B00E12523 /* ISO8601DateFormatter.h */,
				65A277D71684885B00E12523 /* ISO8601DateFormatter.m */,
			);
			name = "iso-8601-date-formatter";
			sourceTree = "<group>";
		};
		65CAE95B15AEF3A5000B2FE7 /* Third Party */ = {
			isa = PBXGroup;
			children = (
				65A277D41684885400E12523 /* iso-8601-date-formatter */,
				656284D11679E1CC00D5B7DC /* RaptureXML */,
				65FE5944165A3EAF00B73BE4 /* uicolor-utilities */,
				65D4CF56161F15000093076D /* OHAttributedLabel */,
			);
			name = "Third Party";
			sourceTree = "<group>";
		};
		65D4CF56161F15000093076D /* OHAttributedLabel */ = {
			isa = PBXGroup;
			children = (
				65D4CF64161F15330093076D /* CoreTextUtils.h */,
				65D4CF65161F15330093076D /* CoreTextUtils.m */,
				65D4CF58161F15110093076D /* NSAttributedString+Attributes.h */,
				65D4CF59161F15110093076D /* NSAttributedString+Attributes.m */,
				65D4CF5A161F15110093076D /* NSTextCheckingResult+ExtendedURL.h */,
				65D4CF5B161F15110093076D /* NSTextCheckingResult+ExtendedURL.m */,
				65D4CF5C161F15110093076D /* OHAttributedLabel.h */,
				65D4CF5D161F15110093076D /* OHAttributedLabel.m */,
			);
			name = OHAttributedLabel;
			sourceTree = "<group>";
		};
		65D4CF8C161F18120093076D /* Additions */ = {
			isa = PBXGroup;
			children = (
				65D4CF8D161F18120093076D /* CAKeyframeAnimation+DWToolbox.h */,
				65D4CF8E161F18120093076D /* CAKeyframeAnimation+DWToolbox.m */,
				65D4CF8F161F18120093076D /* UIColor+DWToolbox.h */,
				65D4CF90161F18120093076D /* UIColor+DWToolbox.m */,
				65D4CF91161F18120093076D /* UIDevice+DWToolbox.h */,
				65D4CF92161F18120093076D /* UIDevice+DWToolbox.m */,
				65D4CF93161F18120093076D /* UIImage+DWToolbox.h */,
				65D4CF94161F18120093076D /* UIImage+DWToolbox.m */,
				65D4CF95161F18120093076D /* UIView+DWToolbox.h */,
				65D4CF96161F18120093076D /* UIView+DWToolbox.m */,
				650978BD1625D129004A6A04 /* NSString+DWToolbox.h */,
				650978BE1625D129004A6A04 /* NSString+DWToolbox.m */,
				656FDB5F165161ED0073A6F8 /* NSBundle+DWToolbox.h */,
				656FDB60165161ED0073A6F8 /* NSBundle+DWToolbox.m */,
				654C6D971653A257009816C7 /* NSObject+DWToolbox.h */,
				654C6D981653A257009816C7 /* NSObject+DWToolbox.m */,
				6524524416565FD900657594 /* NSDateFormatter+DWToolbox.h */,
				6524524516565FD900657594 /* NSDateFormatter+DWToolbox.m */,
				65FE5940165A29DA00B73BE4 /* UIFont+DWToolbox.h */,
				65FE5941165A29DA00B73BE4 /* UIFont+DWToolbox.m */,
				651C094B165D726D00A4BDB0 /* NSSortDescriptor+DWToolbox.h */,
				651C094C165D726D00A4BDB0 /* NSSortDescriptor+DWToolbox.m */,
			);
			path = Additions;
			sourceTree = SOURCE_ROOT;
		};
		65D4CFA1161F18340093076D /* AlertView */ = {
			isa = PBXGroup;
			children = (
				65D4CFA2161F18400093076D /* DWAlertView.h */,
				65D4CFA3161F18400093076D /* DWAlertView.m */,
				65D4CFA4161F18400093076D /* DWAlertViewBackgroundView.h */,
				65D4CFA5161F18400093076D /* DWAlertViewBackgroundView.m */,
			);
			name = AlertView;
			sourceTree = "<group>";
		};
		65D991E51647BF4400B7CBAC /* Controls */ = {
			isa = PBXGroup;
			children = (
				651C0958165E9BC700A4BDB0 /* DWActionSheet.h */,
				651C0959165E9BC700A4BDB0 /* DWActionSheet.m */,
				6514BDE1164D09F6007EBBFA /* DWWebView.h */,
				6514BDE2164D09F6007EBBFA /* DWWebView.m */,
				65D4CFA1161F18340093076D /* AlertView */,
				65D991E11647BF4000B7CBAC /* DWLabel.h */,
				65D991E21647BF4000B7CBAC /* DWLabel.m */,
				65D991DC1647BF1F00B7CBAC /* DWImageView.h */,
				65D991DD1647BF1F00B7CBAC /* DWImageView.m */,
				65359200164826A70002FB40 /* DWBadge.h */,
				65359201164826A70002FB40 /* DWBadge.m */,
				6536BDDC164955D1001A005C /* DWCountdownLabel.h */,
				6536BDDD164955D1001A005C /* DWCountdownLabel.m */,
				656FDB3F165159CF0073A6F8 /* DWCheckbox.h */,
				656FDB40165159CF0073A6F8 /* DWCheckbox.m */,
			);
			name = Controls;
			sourceTree = "<group>";
		};
		65DCF3D61652737200C18CEE /* InputController */ = {
			isa = PBXGroup;
			children = (
				65DCF3DC165273C300C18CEE /* DWInputTableViewController.h */,
				65DCF3DD165273C300C18CEE /* DWInputTableViewController.m */,
			);
			name = InputController;
			sourceTree = "<group>";
		};
		65FE593A165A247300B73BE4 /* Configuration */ = {
			isa = PBXGroup;
			children = (
				6524524F1656960F00657594 /* DWConfiguration.h */,
				652452501656960F00657594 /* DWConfiguration.m */,
				65FE593C165A248F00B73BE4 /* DWTextStyle.h */,
				65FE5950165A43CF00B73BE4 /* DWTextStyle_Private.h */,
				65FE593D165A248F00B73BE4 /* DWTextStyle.m */,
			);
			name = Configuration;
			sourceTree = "<group>";
		};
		65FE5944165A3EAF00B73BE4 /* uicolor-utilities */ = {
			isa = PBXGroup;
			children = (
				65FE5948165A3EAF00B73BE4 /* UIColor+Expanded.h */,
				65FE5949165A3EAF00B73BE4 /* UIColor+Expanded.m */,
				65FE594A165A3EAF00B73BE4 /* UIColor+HSV.h */,
				65FE594B165A3EAF00B73BE4 /* UIColor+HSV.m */,
			);
			name = "uicolor-utilities";
			path = "ThirdParty/uicolor-utilities";
			sourceTree = SOURCE_ROOT;
		};
/* End PBXGroup section */

/* Begin PBXHeadersBuildPhase section */
		655E6B2B15A61A2D00F9E6C5 /* Headers */ = {
			isa = PBXHeadersBuildPhase;
			buildActionMask = 2147483647;
			files = (
				65D4CF5E161F15110093076D /* NSAttributedString+Attributes.h in Headers */,
				65D4CF60161F15110093076D /* NSTextCheckingResult+ExtendedURL.h in Headers */,
				65D4CF62161F15110093076D /* OHAttributedLabel.h in Headers */,
				65D4CF66161F15330093076D /* CoreTextUtils.h in Headers */,
				65D4CF89161F17E40093076D /* DWToolbox.h in Headers */,
				65D4CF8B161F17E40093076D /* Log.h in Headers */,
				65D4CF97161F18120093076D /* CAKeyframeAnimation+DWToolbox.h in Headers */,
				65D4CF99161F18120093076D /* UIColor+DWToolbox.h in Headers */,
				65D4CF9B161F18120093076D /* UIDevice+DWToolbox.h in Headers */,
				65D4CF9D161F18120093076D /* UIImage+DWToolbox.h in Headers */,
				65D4CF9F161F18120093076D /* UIView+DWToolbox.h in Headers */,
				65D4CFA6161F18400093076D /* DWAlertView.h in Headers */,
				65D4CFA8161F18400093076D /* DWAlertViewBackgroundView.h in Headers */,
				65D4CFAB161F18540093076D /* DWToolbox-Prefix.pch in Headers */,
				654525DF161F1F3E00EAAEE7 /* DWURLConnection.h in Headers */,
				650978BF1625D129004A6A04 /* NSString+DWToolbox.h in Headers */,
				650978C81625D397004A6A04 /* DWActivityManager.h in Headers */,
				650B799D163D4D2000EDC8CB /* DWURLDownload.h in Headers */,
				65D991DE1647BF1F00B7CBAC /* DWImageView.h in Headers */,
				65D991E31647BF4000B7CBAC /* DWLabel.h in Headers */,
				65359202164826A70002FB40 /* DWBadge.h in Headers */,
				6536BDDE164955D1001A005C /* DWCountdownLabel.h in Headers */,
				6514BDE3164D09F6007EBBFA /* DWWebView.h in Headers */,
				656FDB41165159CF0073A6F8 /* DWCheckbox.h in Headers */,
				656FDB61165161ED0073A6F8 /* NSBundle+DWToolbox.h in Headers */,
				65DCF3DE165273C300C18CEE /* DWInputTableViewController.h in Headers */,
				654C6D991653A257009816C7 /* NSObject+DWToolbox.h in Headers */,
				657E613B1653BF7F003411F7 /* DWUploadField.h in Headers */,
				6524524616565FD900657594 /* NSDateFormatter+DWToolbox.h in Headers */,
				652452511656960F00657594 /* DWConfiguration.h in Headers */,
				65FE593E165A248F00B73BE4 /* DWTextStyle.h in Headers */,
				65FE5942165A29DA00B73BE4 /* UIFont+DWToolbox.h in Headers */,
				65FE594C165A3EAF00B73BE4 /* UIColor+Expanded.h in Headers */,
				65FE594E165A3EAF00B73BE4 /* UIColor+HSV.h in Headers */,
				651C094D165D726D00A4BDB0 /* NSSortDescriptor+DWToolbox.h in Headers */,
				651C0953165E9B8800A4BDB0 /* DWConditionalInvocation.h in Headers */,
				651C095A165E9BC700A4BDB0 /* DWActionSheet.h in Headers */,
				65E7E3EB166DF46800228834 /* DWWindow.h in Headers */,
				656284BB1679DB1B00D5B7DC /* DWTreeNode.h in Headers */,
				656284BF1679DC1200D5B7DC /* DWTreeCoder.h in Headers */,
				656284D41679E1F000D5B7DC /* RXMLElement.h in Headers */,
				65A277D81684885B00E12523 /* ISO8601DateFormatter.h in Headers */,
				65FF051D169C46ED0081290E /* DWObjectPropertyDescription_Private.h in Headers */,
				65FF051E169C46ED0081290E /* DWObjectPropertyDescription.h in Headers */,
			);
			runOnlyForDeploymentPostprocessing = 0;
		};
/* End PBXHeadersBuildPhase section */

/* Begin PBXNativeTarget section */
		655E6B2C15A61A2D00F9E6C5 /* DWToolbox */ = {
			isa = PBXNativeTarget;
			buildConfigurationList = 655E6B3A15A61A2D00F9E6C5 /* Build configuration list for PBXNativeTarget "DWToolbox" */;
			buildPhases = (
				655E6B2915A61A2D00F9E6C5 /* Sources */,
				655E6B2A15A61A2D00F9E6C5 /* Frameworks */,
				655E6B2B15A61A2D00F9E6C5 /* Headers */,
			);
			buildRules = (
			);
			dependencies = (
				65F23274169D7B9A00C8FD87 /* PBXTargetDependency */,
			);
			name = DWToolbox;
			productName = dwToolbox;
			productReference = 655E6B2D15A61A2D00F9E6C5 /* libDWToolbox.a */;
			productType = "com.apple.product-type.library.static";
		};
/* End PBXNativeTarget section */

/* Begin PBXProject section */
		655E6B2415A61A2D00F9E6C5 /* Project object */ = {
			isa = PBXProject;
			attributes = {
				LastUpgradeCheck = 0430;
			};
			buildConfigurationList = 655E6B2715A61A2D00F9E6C5 /* Build configuration list for PBXProject "DWToolbox" */;
			compatibilityVersion = "Xcode 3.2";
			developmentRegion = English;
			hasScannedForEncodings = 0;
			knownRegions = (
				en,
			);
			mainGroup = 655E6B2215A61A2D00F9E6C5;
			productRefGroup = 655E6B2E15A61A2D00F9E6C5 /* Products */;
			projectDirPath = "";
			projectRoot = "";
			targets = (
				655E6B2C15A61A2D00F9E6C5 /* DWToolbox */,
				65F2326F169D7B9100C8FD87 /* Documentation */,
			);
		};
/* End PBXProject section */

/* Begin PBXShellScriptBuildPhase section */
		65F23275169D7BAE00C8FD87 /* Appledoc */ = {
			isa = PBXShellScriptBuildPhase;
			buildActionMask = 2147483647;
			files = (
			);
			inputPaths = (
			);
			name = Appledoc;
			outputPaths = (
			);
			runOnlyForDeploymentPostprocessing = 0;
			shellPath = /bin/sh;
			shellScript = "/opt/local/bin/appledoc \"$SOURCE_ROOT\"\nrm \"$SOURCE_ROOT/doc/docset-installed.txt\"";
		};
/* End PBXShellScriptBuildPhase section */

/* Begin PBXSourcesBuildPhase section */
		655E6B2915A61A2D00F9E6C5 /* Sources */ = {
			isa = PBXSourcesBuildPhase;
			buildActionMask = 2147483647;
			files = (
				65D4CF5F161F15110093076D /* NSAttributedString+Attributes.m in Sources */,
				65D4CF61161F15110093076D /* NSTextCheckingResult+ExtendedURL.m in Sources */,
				65D4CF63161F15110093076D /* OHAttributedLabel.m in Sources */,
				65D4CF67161F15330093076D /* CoreTextUtils.m in Sources */,
				65D4CF8A161F17E40093076D /* DWToolbox.m in Sources */,
				65D4CF98161F18120093076D /* CAKeyframeAnimation+DWToolbox.m in Sources */,
				65D4CF9A161F18120093076D /* UIColor+DWToolbox.m in Sources */,
				65D4CF9C161F18120093076D /* UIDevice+DWToolbox.m in Sources */,
				65D4CF9E161F18120093076D /* UIImage+DWToolbox.m in Sources */,
				65D4CFA0161F18120093076D /* UIView+DWToolbox.m in Sources */,
				65D4CFA7161F18400093076D /* DWAlertView.m in Sources */,
				65D4CFA9161F18400093076D /* DWAlertViewBackgroundView.m in Sources */,
				654525E0161F1F3E00EAAEE7 /* DWURLConnection.m in Sources */,
				650978C01625D129004A6A04 /* NSString+DWToolbox.m in Sources */,
				650978C91625D397004A6A04 /* DWActivityManager.m in Sources */,
				650B799E163D4D2000EDC8CB /* DWURLDownload.m in Sources */,
				65D991DF1647BF1F00B7CBAC /* DWImageView.m in Sources */,
				65D991E41647BF4000B7CBAC /* DWLabel.m in Sources */,
				65359203164826A70002FB40 /* DWBadge.m in Sources */,
				6536BDDF164955D1001A005C /* DWCountdownLabel.m in Sources */,
				6514BDE4164D09F6007EBBFA /* DWWebView.m in Sources */,
				656FDB42165159CF0073A6F8 /* DWCheckbox.m in Sources */,
				656FDB62165161ED0073A6F8 /* NSBundle+DWToolbox.m in Sources */,
				65DCF3DF165273C300C18CEE /* DWInputTableViewController.m in Sources */,
				654C6D9A1653A257009816C7 /* NSObject+DWToolbox.m in Sources */,
				657E613C1653BF7F003411F7 /* DWUploadField.m in Sources */,
				6524524716565FD900657594 /* NSDateFormatter+DWToolbox.m in Sources */,
				652452521656960F00657594 /* DWConfiguration.m in Sources */,
				65FE593F165A248F00B73BE4 /* DWTextStyle.m in Sources */,
				65FE5943165A29DA00B73BE4 /* UIFont+DWToolbox.m in Sources */,
				65FE594D165A3EAF00B73BE4 /* UIColor+Expanded.m in Sources */,
				65FE594F165A3EAF00B73BE4 /* UIColor+HSV.m in Sources */,
				651C094E165D726D00A4BDB0 /* NSSortDescriptor+DWToolbox.m in Sources */,
				651C0954165E9B8800A4BDB0 /* DWConditionalInvocation.m in Sources */,
				651C095B165E9BC700A4BDB0 /* DWActionSheet.m in Sources */,
				65E7E3EC166DF46800228834 /* DWWindow.m in Sources */,
				656284BC1679DB1B00D5B7DC /* DWTreeNode.m in Sources */,
				656284C01679DC1200D5B7DC /* DWTreeCoder.m in Sources */,
				656284D51679E1F000D5B7DC /* RXMLElement.m in Sources */,
				65A277D91684885B00E12523 /* ISO8601DateFormatter.m in Sources */,
				65FF051F169C46ED0081290E /* DWObjectPropertyDescription.m in Sources */,
			);
			runOnlyForDeploymentPostprocessing = 0;
		};
/* End PBXSourcesBuildPhase section */

/* Begin PBXTargetDependency section */
		65F23274169D7B9A00C8FD87 /* PBXTargetDependency */ = {
			isa = PBXTargetDependency;
			target = 65F2326F169D7B9100C8FD87 /* Documentation */;
			targetProxy = 65F23273169D7B9A00C8FD87 /* PBXContainerItemProxy */;
		};
/* End PBXTargetDependency section */

/* Begin XCBuildConfiguration section */
		655E6B3815A61A2D00F9E6C5 /* Debug */ = {
			isa = XCBuildConfiguration;
			buildSettings = {
				ALWAYS_SEARCH_USER_PATHS = NO;
				ARCHS = "$(ARCHS_STANDARD_32_BIT)";
				CLANG_ENABLE_OBJC_ARC = YES;
				COPY_PHASE_STRIP = NO;
				GCC_C_LANGUAGE_STANDARD = gnu99;
				GCC_DYNAMIC_NO_PIC = NO;
				GCC_OPTIMIZATION_LEVEL = 0;
				GCC_PREPROCESSOR_DEFINITIONS = (
					"DEBUG=1",
					"$(inherited)",
				);
				GCC_SYMBOLS_PRIVATE_EXTERN = NO;
				GCC_VERSION = com.apple.compilers.llvm.clang.1_0;
				GCC_WARN_ABOUT_RETURN_TYPE = YES;
				GCC_WARN_UNINITIALIZED_AUTOS = YES;
				GCC_WARN_UNUSED_VARIABLE = YES;
				IPHONEOS_DEPLOYMENT_TARGET = 5.1;
				SDKROOT = iphoneos;
			};
			name = Debug;
		};
		655E6B3915A61A2D00F9E6C5 /* Release */ = {
			isa = XCBuildConfiguration;
			buildSettings = {
				ALWAYS_SEARCH_USER_PATHS = NO;
				ARCHS = "$(ARCHS_STANDARD_32_BIT)";
				CLANG_ENABLE_OBJC_ARC = YES;
				COPY_PHASE_STRIP = YES;
				GCC_C_LANGUAGE_STANDARD = gnu99;
				GCC_VERSION = com.apple.compilers.llvm.clang.1_0;
				GCC_WARN_ABOUT_RETURN_TYPE = YES;
				GCC_WARN_UNINITIALIZED_AUTOS = YES;
				GCC_WARN_UNUSED_VARIABLE = YES;
				IPHONEOS_DEPLOYMENT_TARGET = 5.1;
				SDKROOT = iphoneos;
				VALIDATE_PRODUCT = YES;
			};
			name = Release;
		};
		655E6B3B15A61A2D00F9E6C5 /* Debug */ = {
			isa = XCBuildConfiguration;
			buildSettings = {
				DSTROOT = /tmp/dwToolbox.dst;
				FRAMEWORK_SEARCH_PATHS = "";
				GCC_PRECOMPILE_PREFIX_HEADER = YES;
				GCC_PREFIX_HEADER = "DWToolbox-Prefix.pch";
				HEADER_SEARCH_PATHS = "$(SDKROOT)/usr/include/libxml2";
				OTHER_LDFLAGS = "-ObjC";
				PRODUCT_NAME = DWToolbox;
				SKIP_INSTALL = YES;
				USER_HEADER_SEARCH_PATHS = "ThirdParty/**";
			};
			name = Debug;
		};
		655E6B3C15A61A2D00F9E6C5 /* Release */ = {
			isa = XCBuildConfiguration;
			buildSettings = {
				DSTROOT = /tmp/dwToolbox.dst;
				FRAMEWORK_SEARCH_PATHS = "";
				GCC_PRECOMPILE_PREFIX_HEADER = YES;
				GCC_PREFIX_HEADER = "DWToolbox-Prefix.pch";
				HEADER_SEARCH_PATHS = "$(SDKROOT)/usr/include/libxml2";
				OTHER_LDFLAGS = "-ObjC";
				PRODUCT_NAME = DWToolbox;
				SKIP_INSTALL = YES;
				USER_HEADER_SEARCH_PATHS = "ThirdParty/**";
			};
			name = Release;
		};
		65F23271169D7B9100C8FD87 /* Debug */ = {
			isa = XCBuildConfiguration;
			buildSettings = {
				PRODUCT_NAME = "$(TARGET_NAME)";
			};
			name = Debug;
		};
		65F23272169D7B9100C8FD87 /* Release */ = {
			isa = XCBuildConfiguration;
			buildSettings = {
				PRODUCT_NAME = "$(TARGET_NAME)";
			};
			name = Release;
		};
/* End XCBuildConfiguration section */

/* Begin XCConfigurationList section */
		655E6B2715A61A2D00F9E6C5 /* Build configuration list for PBXProject "DWToolbox" */ = {
			isa = XCConfigurationList;
			buildConfigurations = (
				655E6B3815A61A2D00F9E6C5 /* Debug */,
				655E6B3915A61A2D00F9E6C5 /* Release */,
			);
			defaultConfigurationIsVisible = 0;
			defaultConfigurationName = Release;
		};
		655E6B3A15A61A2D00F9E6C5 /* Build configuration list for PBXNativeTarget "DWToolbox" */ = {
			isa = XCConfigurationList;
			buildConfigurations = (
				655E6B3B15A61A2D00F9E6C5 /* Debug */,
				655E6B3C15A61A2D00F9E6C5 /* Release */,
			);
			defaultConfigurationIsVisible = 0;
			defaultConfigurationName = Release;
		};
		65F23270169D7B9100C8FD87 /* Build configuration list for PBXAggregateTarget "Documentation" */ = {
			isa = XCConfigurationList;
			buildConfigurations = (
				65F23271169D7B9100C8FD87 /* Debug */,
				65F23272169D7B9100C8FD87 /* Release */,
			);
			defaultConfigurationIsVisible = 0;
			defaultConfigurationName = Release;
		};
/* End XCConfigurationList section */
	};
	rootObject = 655E6B2415A61A2D00F9E6C5 /* Project object */;
}
